
Microsoft Visual Studio Solution File, Format Version 12.00
# Visual Studio Version 17
VisualStudioVersion = 17.1.32414.318
MinimumVisualStudioVersion = 10.0.40219.1
Project("{FAE04EC0-301F-11D3-BF4B-00C04F79EFBC}") = "NetCoreGendra", "NetCoreGendra.csproj", "{212E34BC-BE4C-4407-9923-245C738AEDCF}"
EndProject
Global
	GlobalSection(SolutionConfigurationPlatforms) = preSolution
		Debug|Any CPU = Debug|Any CPU
		Release|Any CPU = Release|Any CPU
	EndGlobalSection
	GlobalSection(ProjectConfigurationPlatforms) = postSolution
		{212E34BC-BE4C-4407-9923-245C738AEDCF}.Debug|Any CPU.ActiveCfg = Debug|Any CPU
		{212E34BC-BE4C-4407-9923-245C738AEDCF}.Debug|Any CPU.Build.0 = Debug|Any CPU
		{212E34BC-BE4C-4407-9923-245C738AEDCF}.Release|Any CPU.ActiveCfg = Release|Any CPU
		{212E34BC-BE4C-4407-9923-245C738AEDCF}.Release|Any CPU.Build.0 = Release|Any CPU
	EndGlobalSection
	GlobalSection(SolutionProperties) = preSolution
		HideSolutionNode = FALSE
	EndGlobalSection
	GlobalSection(ExtensibilityGlobals) = postSolution
		SolutionGuid = {4E091051-A807-4086-A174-C1F179E056D4}
	EndGlobalSection
EndGlobal
